
Microsoft Visual Studio Solution File, Format Version 12.00
# Visual Studio Version 17
VisualStudioVersion = 17.11.35327.3
MinimumVisualStudioVersion = 10.0.40219.1
Project("{FAE04EC0-301F-11D3-BF4B-00C04F79EFBC}") = "UdemyDiaryApp", "UdemyDiaryApp\UdemyDiaryApp.csproj", "{5852908A-F6AC-459F-BF36-606D9E169D5B}"
EndProject
Project("{FAE04EC0-301F-11D3-BF4B-00C04F79EFBC}") = "UdemyDiaryAPI", "UdemyDiaryAPI\UdemyDiaryAPI.csproj", "{6A0E9ABC-7A9E-4685-B82E-046457A94C54}"
EndProject
Global
	GlobalSection(SolutionConfigurationPlatforms) = preSolution
		Debug|Any CPU = Debug|Any CPU
		Release|Any CPU = Release|Any CPU
	EndGlobalSection
	GlobalSection(ProjectConfigurationPlatforms) = postSolution
		{5852908A-F6AC-459F-BF36-606D9E169D5B}.Debug|Any CPU.ActiveCfg = Debug|Any CPU
		{5852908A-F6AC-459F-BF36-606D9E169D5B}.Debug|Any CPU.Build.0 = Debug|Any CPU
		{5852908A-F6AC-459F-BF36-606D9E169D5B}.Release|Any CPU.ActiveCfg = Release|Any CPU
		{5852908A-F6AC-459F-BF36-606D9E169D5B}.Release|Any CPU.Build.0 = Release|Any CPU
		{6A0E9ABC-7A9E-4685-B82E-046457A94C54}.Debug|Any CPU.ActiveCfg = Debug|Any CPU
		{6A0E9ABC-7A9E-4685-B82E-046457A94C54}.Debug|Any CPU.Build.0 = Debug|Any CPU
		{6A0E9ABC-7A9E-4685-B82E-046457A94C54}.Release|Any CPU.ActiveCfg = Release|Any CPU
		{6A0E9ABC-7A9E-4685-B82E-046457A94C54}.Release|Any CPU.Build.0 = Release|Any CPU
	EndGlobalSection
	GlobalSection(SolutionProperties) = preSolution
		HideSolutionNode = FALSE
	EndGlobalSection
	GlobalSection(ExtensibilityGlobals) = postSolution
		SolutionGuid = {FE803B58-16A1-492B-860A-348FAD78AD9A}
	EndGlobalSection
EndGlobal
